
Microsoft Visual Studio Solution File, Format Version 12.00
# Visual Studio 15
VisualStudioVersion = 15.0.28010.2016
MinimumVisualStudioVersion = 10.0.40219.1
Project("{FAE04EC0-301F-11D3-BF4B-00C04F79EFBC}") = "CoreWebDemo", "CoreWebDemo\CoreWebDemo.csproj", "{A98493B1-EB0B-420D-9265-A7164E60AECC}"
EndProject
Global
	GlobalSection(SolutionConfigurationPlatforms) = preSolution
		Debug|Any CPU = Debug|Any CPU
		Release|Any CPU = Release|Any CPU
	EndGlobalSection
	GlobalSection(ProjectConfigurationPlatforms) = postSolution
		{A98493B1-EB0B-420D-9265-A7164E60AECC}.Debug|Any CPU.ActiveCfg = Debug|Any CPU
		{A98493B1-EB0B-420D-9265-A7164E60AECC}.Debug|Any CPU.Build.0 = Debug|Any CPU
		{A98493B1-EB0B-420D-9265-A7164E60AECC}.Release|Any CPU.ActiveCfg = Release|Any CPU
		{A98493B1-EB0B-420D-9265-A7164E60AECC}.Release|Any CPU.Build.0 = Release|Any CPU
	EndGlobalSection
	GlobalSection(SolutionProperties) = preSolution
		HideSolutionNode = FALSE
	EndGlobalSection
	GlobalSection(ExtensibilityGlobals) = postSolution
		SolutionGuid = {60808CA5-AEFD-4D1A-9015-926E155779A3}
	EndGlobalSection
EndGlobal
